Microsoft Visual Studio Solution File, Format Version 12.00
# Visual Studio 14
VisualStudioVersion = 14.0.25420.1
MinimumVisualStudioVersion = 10.0.40219.1
Project("{FAE04EC0-301F-11D3-BF4B-00C04F79EFBC}") = "dwm-financas", "dwm-financas\dwm-financas.csproj", "{EBDCE0F4-FB37-4E9E-8638-988D53F0C141}"
EndProject
Project("{FAE04EC0-301F-11D3-BF4B-00C04F79EFBC}") = "App_Dominio", "..\app_dominio\App_Dominio\App_Dominio\App_Dominio.csproj", "{3FFAF7B0-E293-489C-80DE-0C0AC24CF8E2}"
EndProject
Project("{FAE04EC0-301F-11D3-BF4B-00C04F79EFBC}") = "Boleto.Net", "Boleto.Net\Boleto.Net.csproj", "{F173E80B-E36B-48AD-B483-A27F8CA86F3C}"
EndProject
Global
	GlobalSection(SolutionConfigurationPlatforms) = preSolution
		Debug|Any CPU = Debug|Any CPU
		Release|Any CPU = Release|Any CPU
	EndGlobalSection
	GlobalSection(ProjectConfigurationPlatforms) = postSolution
		{EBDCE0F4-FB37-4E9E-8638-988D53F0C141}.Debug|Any CPU.ActiveCfg = Debug|Any CPU
		{EBDCE0F4-FB37-4E9E-8638-988D53F0C141}.Debug|Any CPU.Build.0 = Debug|Any CPU
		{EBDCE0F4-FB37-4E9E-8638-988D53F0C141}.Release|Any CPU.ActiveCfg = Release|Any CPU
		{EBDCE0F4-FB37-4E9E-8638-988D53F0C141}.Release|Any CPU.Build.0 = Release|Any CPU
		{3FFAF7B0-E293-489C-80DE-0C0AC24CF8E2}.Debug|Any CPU.ActiveCfg = Debug|Any CPU
		{3FFAF7B0-E293-489C-80DE-0C0AC24CF8E2}.Debug|Any CPU.Build.0 = Debug|Any CPU
		{3FFAF7B0-E293-489C-80DE-0C0AC24CF8E2}.Release|Any CPU.ActiveCfg = Release|Any CPU
		{3FFAF7B0-E293-489C-80DE-0C0AC24CF8E2}.Release|Any CPU.Build.0 = Release|Any CPU
		{F173E80B-E36B-48AD-B483-A27F8CA86F3C}.Debug|Any CPU.ActiveCfg = Debug|Any CPU
		{F173E80B-E36B-48AD-B483-A27F8CA86F3C}.Debug|Any CPU.Build.0 = Debug|Any CPU
		{F173E80B-E36B-48AD-B483-A27F8CA86F3C}.Release|Any CPU.ActiveCfg = Release|Any CPU
		{F173E80B-E36B-48AD-B483-A27F8CA86F3C}.Release|Any CPU.Build.0 = Release|Any CPU
	EndGlobalSection
	GlobalSection(SolutionProperties) = preSolution
		HideSolutionNode = FALSE
	EndGlobalSection
EndGlobal
